// !$*UTF8*$!
{
	archiveVersion = 1;
	classes = {
	};
	objectVersion = 46;
	objects = {

/* Begin PBXBuildFile section */
		89F1039C199FFD8E0020BB03 /* Foundation.framework in Frameworks */ = {isa = PBXBuildFile; fileRef = 89F1039B199FFD8E0020BB03 /* Foundation.framework */; };
		89F1039E199FFD8E0020BB03 /* CoreGraphics.framework in Frameworks */ = {isa = PBXBuildFile; fileRef = 89F1039D199FFD8E0020BB03 /* CoreGraphics.framework */; };
		89F103A0199FFD8E0020BB03 /* UIKit.framework in Frameworks */ = {isa = PBXBuildFile; fileRef = 89F1039F199FFD8E0020BB03 /* UIKit.framework */; };
		89F103A6199FFD8E0020BB03 /* InfoPlist.strings in Resources */ = {isa = PBXBuildFile; fileRef = 89F103A4199FFD8E0020BB03 /* InfoPlist.strings */; };
		89F103A8199FFD8E0020BB03 /* main.m in Sources */ = {isa = PBXBuildFile; fileRef = 89F103A7199FFD8E0020BB03 /* main.m */; };
		89F103AC199FFD8E0020BB03 /* WIAppDelegate.m in Sources */ = {isa = PBXBuildFile; fileRef = 89F103AB199FFD8E0020BB03 /* WIAppDelegate.m */; };
		89F103AF199FFD8E0020BB03 /* Main_iPhone.storyboard in Resources */ = {isa = PBXBuildFile; fileRef = 89F103AD199FFD8E0020BB03 /* Main_iPhone.storyboard */; };
		89F103B2199FFD8E0020BB03 /* Main_iPad.storyboard in Resources */ = {isa = PBXBuildFile; fileRef = 89F103B0199FFD8E0020BB03 /* Main_iPad.storyboard */; };
		89F103B5199FFD8E0020BB03 /* WIViewController.m in Sources */ = {isa = PBXBuildFile; fileRef = 89F103B4199FFD8E0020BB03 /* WIViewController.m */; };
		89F103B7199FFD8E0020BB03 /* Images.xcassets in Resources */ = {isa = PBXBuildFile; fileRef = 89F103B6199FFD8E0020BB03 /* Images.xcassets */; };
		89F103BE199FFD8F0020BB03 /* XCTest.framework in Frameworks */ = {isa = PBXBuildFile; fileRef = 89F103BD199FFD8F0020BB03 /* XCTest.framework */; };
		89F103BF199FFD8F0020BB03 /* Foundation.framework in Frameworks */ = {isa = PBXBuildFile; fileRef = 89F1039B199FFD8E0020BB03 /* Foundation.framework */; };
		89F103C0199FFD8F0020BB03 /* UIKit.framework in Frameworks */ = {isa = PBXBuildFile; fileRef = 89F1039F199FFD8E0020BB03 /* UIKit.framework */; };
		89F103C8199FFD8F0020BB03 /* InfoPlist.strings in Resources */ = {isa = PBXBuildFile; fileRef = 89F103C6199FFD8F0020BB03 /* InfoPlist.strings */; };
		89F103CA199FFD8F0020BB03 /* WebInvokerTests.m in Sources */ = {isa = PBXBuildFile; fileRef = 89F103C9199FFD8F0020BB03 /* WebInvokerTests.m */; };
		89F103D6199FFE560020BB03 /* index.html in Resources */ = {isa = PBXBuildFile; fileRef = 89F103D4199FFE560020BB03 /* index.html */; };
		89F103D7199FFE560020BB03 /* test.html in Resources */ = {isa = PBXBuildFile; fileRef = 89F103D5199FFE560020BB03 /* test.html */; };
		89F103DA199FFEA60020BB03 /* XIdeaWebInterface.m in Sources */ = {isa = PBXBuildFile; fileRef = 89F103D9199FFEA60020BB03 /* XIdeaWebInterface.m */; };
/* End PBXBuildFile section */

/* Begin PBXContainerItemProxy section */
		89F103C1199FFD8F0020BB03 /* PBXContainerItemProxy */ = {
			isa = PBXContainerItemProxy;
			containerPortal = 89F10390199FFD8E0020BB03 /* Project object */;
			proxyType = 1;
			remoteGlobalIDString = 89F10397199FFD8E0020BB03;
			remoteInfo = WebInvoker;
		};
/* End PBXContainerItemProxy section */

/* Begin PBXFileReference section */
		89F10398199FFD8E0020BB03 /* WebInvoker.app */ = {isa = PBXFileReference; explicitFileType = wrapper.application; includeInIndex = 0; path = WebInvoker.app; sourceTree = BUILT_PRODUCTS_DIR; };
		89F1039B199FFD8E0020BB03 /* Foundation.framework */ = {isa = PBXFileReference; lastKnownFileType = wrapper.framework; name = Foundation.framework; path = System/Library/Frameworks/Foundation.framework; sourceTree = SDKROOT; };
		89F1039D199FFD8E0020BB03 /* CoreGraphics.framework */ = {isa = PBXFileReference; lastKnownFileType = wrapper.framework; name = CoreGraphics.framework; path = System/Library/Frameworks/CoreGraphics.framework; sourceTree = SDKROOT; };
		89F1039F199FFD8E0020BB03 /* UIKit.framework */ = {isa = PBXFileReference; lastKnownFileType = wrapper.framework; name = UIKit.framework; path = System/Library/Frameworks/UIKit.framework; sourceTree = SDKROOT; };
		89F103A3199FFD8E0020BB03 /* WebInvoker-Info.plist */ = {isa = PBXFileReference; lastKnownFileType = text.plist.xml; path = "WebInvoker-Info.plist"; sourceTree = "<group>"; };
		89F103A5199FFD8E0020BB03 /* en */ = {isa = PBXFileReference; lastKnownFileType = text.plist.strings; name = en; path = en.lproj/InfoPlist.strings; sourceTree = "<group>"; };
		89F103A7199FFD8E0020BB03 /* main.m */ = {isa = PBXFileReference; lastKnownFileType = sourcecode.c.objc; path = main.m; sourceTree = "<group>"; };
		89F103A9199FFD8E0020BB03 /* WebInvoker-Prefix.pch */ = {isa = PBXFileReference; lastKnownFileType = sourcecode.c.h; path = "WebInvoker-Prefix.pch"; sourceTree = "<group>"; };
		89F103AA199FFD8E0020BB03 /* WIAppDelegate.h */ = {isa = PBXFileReference; lastKnownFileType = sourcecode.c.h; path = WIAppDelegate.h; sourceTree = "<group>"; };
		89F103AB199FFD8E0020BB03 /* WIAppDelegate.m */ = {isa = PBXFileReference; lastKnownFileType = sourcecode.c.objc; path = WIAppDelegate.m; sourceTree = "<group>"; };
		89F103AE199FFD8E0020BB03 /* Base */ = {isa = PBXFileReference; lastKnownFileType = file.storyboard; name = Base; path = Base.lproj/Main_iPhone.storyboard; sourceTree = "<group>"; };
		89F103B1199FFD8E0020BB03 /* Base */ = {isa = PBXFileReference; lastKnownFileType = file.storyboard; name = Base; path = Base.lproj/Main_iPad.storyboard; sourceTree = "<group>"; };
		89F103B3199FFD8E0020BB03 /* WIViewController.h */ = {isa = PBXFileReference; lastKnownFileType = sourcecode.c.h; path = WIViewController.h; sourceTree = "<group>"; };
		89F103B4199FFD8E0020BB03 /* WIViewController.m */ = {isa = PBXFileReference; lastKnownFileType = sourcecode.c.objc; path = WIViewController.m; sourceTree = "<group>"; };
		89F103B6199FFD8E0020BB03 /* Images.xcassets */ = {isa = PBXFileReference; lastKnownFileType = folder.assetcatalog; path = Images.xcassets; sourceTree = "<group>"; };
		89F103BC199FFD8F0020BB03 /* WebInvokerTests.xctest */ = {isa = PBXFileReference; explicitFileType = wrapper.cfbundle; includeInIndex = 0; path = WebInvokerTests.xctest; sourceTree = BUILT_PRODUCTS_DIR; };
		89F103BD199FFD8F0020BB03 /* XCTest.framework */ = {isa = PBXFileReference; lastKnownFileType = wrapper.framework; name = XCTest.framework; path = Library/Frameworks/XCTest.framework; sourceTree = DEVELOPER_DIR; };
		89F103C5199FFD8F0020BB03 /* WebInvokerTests-Info.plist */ = {isa = PBXFileReference; lastKnownFileType = text.plist.xml; path = "WebInvokerTests-Info.plist"; sourceTree = "<group>"; };
		89F103C7199FFD8F0020BB03 /* en */ = {isa = PBXFileReference; lastKnownFileType = text.plist.strings; name = en; path = en.lproj/InfoPlist.strings; sourceTree = "<group>"; };
		89F103C9199FFD8F0020BB03 /* WebInvokerTests.m */ = {isa = PBXFileReference; lastKnownFileType = sourcecode.c.objc; path = WebInvokerTests.m; sourceTree = "<group>"; };
		89F103D4199FFE560020BB03 /* index.html */ = {isa = PBXFileReference; fileEncoding = 4; lastKnownFileType = text.html; path = index.html; sourceTree = "<group>"; };
		89F103D5199FFE560020BB03 /* test.html */ = {isa = PBXFileReference; fileEncoding = 4; lastKnownFileType = text.html; path = test.html; sourceTree = "<group>"; };
		89F103D8199FFEA60020BB03 /* XIdeaWebInterface.h */ = {isa = PBXFileReference; fileEncoding = 4; lastKnownFileType = sourcecode.c.h; path = XIdeaWebInterface.h; sourceTree = "<group>"; };
		89F103D9199FFEA60020BB03 /* XIdeaWebInterface.m */ = {isa = PBXFileReference; fileEncoding = 4; lastKnownFileType = sourcecode.c.objc; path = XIdeaWebInterface.m; sourceTree = "<group>"; };
/* End PBXFileReference section */

/* Begin PBXFrameworksBuildPhase section */
		89F10395199FFD8E0020BB03 /* Frameworks */ = {
			isa = PBXFrameworksBuildPhase;
			buildActionMask = 2147483647;
			files = (
				89F1039E199FFD8E0020BB03 /* CoreGraphics.framework in Frameworks */,
				89F103A0199FFD8E0020BB03 /* UIKit.framework in Frameworks */,
				89F1039C199FFD8E0020BB03 /* Foundation.framework in Frameworks */,
			);
			runOnlyForDeploymentPostprocessing = 0;
		};
		89F103B9199FFD8E0020BB03 /* Frameworks */ = {
			isa = PBXFrameworksBuildPhase;
			buildActionMask = 2147483647;
			files = (
				89F103BE199FFD8F0020BB03 /* XCTest.framework in Frameworks */,
				89F103C0199FFD8F0020BB03 /* UIKit.framework in Frameworks */,
				89F103BF199FFD8F0020BB03 /* Foundation.framework in Frameworks */,
			);
			runOnlyForDeploymentPostprocessing = 0;
		};
/* End PBXFrameworksBuildPhase section */

/* Begin PBXGroup section */
		89F1038F199FFD8E0020BB03 = {
			isa = PBXGroup;
			children = (
				89F103A1199FFD8E0020BB03 /* WebInvoker */,
				89F103C3199FFD8F0020BB03 /* WebInvokerTests */,
				89F1039A199FFD8E0020BB03 /* Frameworks */,
				89F10399199FFD8E0020BB03 /* Products */,
			);
			sourceTree = "<group>";
		};
		89F10399199FFD8E0020BB03 /* Products */ = {
			isa = PBXGroup;
			children = (
				89F10398199FFD8E0020BB03 /* WebInvoker.app */,
				89F103BC199FFD8F0020BB03 /* WebInvokerTests.xctest */,
			);
			name = Products;
			sourceTree = "<group>";
		};
		89F1039A199FFD8E0020BB03 /* Frameworks */ = {
			isa = PBXGroup;
			children = (
				89F1039B199FFD8E0020BB03 /* Foundation.framework */,
				89F1039D199FFD8E0020BB03 /* CoreGraphics.framework */,
				89F1039F199FFD8E0020BB03 /* UIKit.framework */,
				89F103BD199FFD8F0020BB03 /* XCTest.framework */,
			);
			name = Frameworks;
			sourceTree = "<group>";
		};
		89F103A1199FFD8E0020BB03 /* WebInvoker */ = {
			isa = PBXGroup;
			children = (
				89F103D8199FFEA60020BB03 /* XIdeaWebInterface.h */,
				89F103D9199FFEA60020BB03 /* XIdeaWebInterface.m */,
				89F103D3199FFE560020BB03 /* html */,
				89F103AA199FFD8E0020BB03 /* WIAppDelegate.h */,
				89F103AB199FFD8E0020BB03 /* WIAppDelegate.m */,
				89F103AD199FFD8E0020BB03 /* Main_iPhone.storyboard */,
				89F103B0199FFD8E0020BB03 /* Main_iPad.storyboard */,
				89F103B3199FFD8E0020BB03 /* WIViewController.h */,
				89F103B4199FFD8E0020BB03 /* WIViewController.m */,
				89F103B6199FFD8E0020BB03 /* Images.xcassets */,
				89F103A2199FFD8E0020BB03 /* Supporting Files */,
			);
			path = WebInvoker;
			sourceTree = "<group>";
		};
		89F103A2199FFD8E0020BB03 /* Supporting Files */ = {
			isa = PBXGroup;
			children = (
				89F103A3199FFD8E0020BB03 /* WebInvoker-Info.plist */,
				89F103A4199FFD8E0020BB03 /* InfoPlist.strings */,
				89F103A7199FFD8E0020BB03 /* main.m */,
				89F103A9199FFD8E0020BB03 /* WebInvoker-Prefix.pch */,
			);
			name = "Supporting Files";
			sourceTree = "<group>";
		};
		89F103C3199FFD8F0020BB03 /* WebInvokerTests */ = {
			isa = PBXGroup;
			children = (
				89F103C9199FFD8F0020BB03 /* WebInvokerTests.m */,
				89F103C4199FFD8F0020BB03 /* Supporting Files */,
			);
			path = WebInvokerTests;
			sourceTree = "<group>";
		};
		89F103C4199FFD8F0020BB03 /* Supporting Files */ = {
			isa = PBXGroup;
			children = (
				89F103C5199FFD8F0020BB03 /* WebInvokerTests-Info.plist */,
				89F103C6199FFD8F0020BB03 /* InfoPlist.strings */,
			);
			name = "Supporting Files";
			sourceTree = "<group>";
		};
		89F103D3199FFE560020BB03 /* html */ = {
			isa = PBXGroup;
			children = (
				89F103D4199FFE560020BB03 /* index.html */,
				89F103D5199FFE560020BB03 /* test.html */,
			);
			path = html;
			sourceTree = "<group>";
		};
/* End PBXGroup section */

/* Begin PBXNativeTarget section */
		89F10397199FFD8E0020BB03 /* WebInvoker */ = {
			isa = PBXNativeTarget;
			buildConfigurationList = 89F103CD199FFD8F0020BB03 /* Build configuration list for PBXNativeTarget "WebInvoker" */;
			buildPhases = (
				89F10394199FFD8E0020BB03 /* Sources */,
				89F10395199FFD8E0020BB03 /* Frameworks */,
				89F10396199FFD8E0020BB03 /* Resources */,
			);
			buildRules = (
			);
			dependencies = (
			);
			name = WebInvoker;
			productName = WebInvoker;
			productReference = 89F10398199FFD8E0020BB03 /* WebInvoker.app */;
			productType = "com.apple.product-type.application";
		};
		89F103BB199FFD8E0020BB03 /* WebInvokerTests */ = {
			isa = PBXNativeTarget;
			buildConfigurationList = 89F103D0199FFD8F0020BB03 /* Build configuration list for PBXNativeTarget "WebInvokerTests" */;
			buildPhases = (
				89F103B8199FFD8E0020BB03 /* Sources */,
				89F103B9199FFD8E0020BB03 /* Frameworks */,
				89F103BA199FFD8E0020BB03 /* Resources */,
			);
			buildRules = (
			);
			dependencies = (
				89F103C2199FFD8F0020BB03 /* PBXTargetDependency */,
			);
			name = WebInvokerTests;
			productName = WebInvokerTests;
			productReference = 89F103BC199FFD8F0020BB03 /* WebInvokerTests.xctest */;
			productType = "com.apple.product-type.bundle.unit-test";
		};
/* End PBXNativeTarget section */

/* Begin PBXProject section */
		89F10390199FFD8E0020BB03 /* Project object */ = {
			isa = PBXProject;
			attributes = {
				CLASSPREFIX = WI;
				LastUpgradeCheck = 0510;
				ORGANIZATIONNAME = "___webview___";
				TargetAttributes = {
					89F103BB199FFD8E0020BB03 = {
						TestTargetID = 89F10397199FFD8E0020BB03;
					};
				};
			};
			buildConfigurationList = 89F10393199FFD8E0020BB03 /* Build configuration list for PBXProject "WebInvoker" */;
			compatibilityVersion = "Xcode 3.2";
			developmentRegion = English;
			hasScannedForEncodings = 0;
			knownRegions = (
				en,
				Base,
			);
			mainGroup = 89F1038F199FFD8E0020BB03;
			productRefGroup = 89F10399199FFD8E0020BB03 /* Products */;
			projectDirPath = "";
			projectRoot = "";
			targets = (
				89F10397199FFD8E0020BB03 /* WebInvoker */,
				89F103BB199FFD8E0020BB03 /* WebInvokerTests */,
			);
		};
/* End PBXProject section */

/* Begin PBXResourcesBuildPhase section */
		89F10396199FFD8E0020BB03 /* Resources */ = {
			isa = PBXResourcesBuildPhase;
			buildActionMask = 2147483647;
			files = (
				89F103D6199FFE560020BB03 /* index.html in Resources */,
				89F103B2199FFD8E0020BB03 /* Main_iPad.storyboard in Resources */,
				89F103D7199FFE560020BB03 /* test.html in Resources */,
				89F103B7199FFD8E0020BB03 /* Images.xcassets in Resources */,
				89F103AF199FFD8E0020BB03 /* Main_iPhone.storyboard in Resources */,
				89F103A6199FFD8E0020BB03 /* InfoPlist.strings in Resources */,
			);
			runOnlyForDeploymentPostprocessing = 0;
		};
		89F103BA199FFD8E0020BB03 /* Resources */ = {
			isa = PBXResourcesBuildPhase;
			buildActionMask = 2147483647;
			files = (
				89F103C8199FFD8F0020BB03 /* InfoPlist.strings in Resources */,
			);
			runOnlyForDeploymentPostprocessing = 0;
		};
/* End PBXResourcesBuildPhase section */

/* Begin PBXSourcesBuildPhase section */
		89F10394199FFD8E0020BB03 /* Sources */ = {
			isa = PBXSourcesBuildPhase;
			buildActionMask = 2147483647;
			files = (
				89F103DA199FFEA60020BB03 /* XIdeaWebInterface.m in Sources */,
				89F103B5199FFD8E0020BB03 /* WIViewController.m in Sources */,
				89F103AC199FFD8E0020BB03 /* WIAppDelegate.m in Sources */,
				89F103A8199FFD8E0020BB03 /* main.m in Sources */,
			);
			runOnlyForDeploymentPostprocessing = 0;
		};
		89F103B8199FFD8E0020BB03 /* Sources */ = {
			isa = PBXSourcesBuildPhase;
			buildActionMask = 2147483647;
			files = (
				89F103CA199FFD8F0020BB03 /* WebInvokerTests.m in Sources */,
			);
			runOnlyForDeploymentPostprocessing = 0;
		};
/* End PBXSourcesBuildPhase section */

/* Begin PBXTargetDependency section */
		89F103C2199FFD8F0020BB03 /* PBXTargetDependency */ = {
			isa = PBXTargetDependency;
			target = 89F10397199FFD8E0020BB03 /* WebInvoker */;
			targetProxy = 89F103C1199FFD8F0020BB03 /* PBXContainerItemProxy */;
		};
/* End PBXTargetDependency section */

/* Begin PBXVariantGroup section */
		89F103A4199FFD8E0020BB03 /* InfoPlist.strings */ = {
			isa = PBXVariantGroup;
			children = (
				89F103A5199FFD8E0020BB03 /* en */,
			);
			name = InfoPlist.strings;
			sourceTree = "<group>";
		};
		89F103AD199FFD8E0020BB03 /* Main_iPhone.storyboard */ = {
			isa = PBXVariantGroup;
			children = (
				89F103AE199FFD8E0020BB03 /* Base */,
			);
			name = Main_iPhone.storyboard;
			sourceTree = "<group>";
		};
		89F103B0199FFD8E0020BB03 /* Main_iPad.storyboard */ = {
			isa = PBXVariantGroup;
			children = (
				89F103B1199FFD8E0020BB03 /* Base */,
			);
			name = Main_iPad.storyboard;
			sourceTree = "<group>";
		};
		89F103C6199FFD8F0020BB03 /* InfoPlist.strings */ = {
			isa = PBXVariantGroup;
			children = (
				89F103C7199FFD8F0020BB03 /* en */,
			);
			name = InfoPlist.strings;
			sourceTree = "<group>";
		};
/* End PBXVariantGroup section */

/* Begin XCBuildConfiguration section */
		89F103CB199FFD8F0020BB03 /* Debug */ = {
			isa = XCBuildConfiguration;
			buildSettings = {
				ALWAYS_SEARCH_USER_PATHS = NO;
				CLANG_CXX_LANGUAGE_STANDARD = "gnu++0x";
				CLANG_CXX_LIBRARY = "libc++";
				CLANG_ENABLE_MODULES = YES;
				CLANG_ENABLE_OBJC_ARC = YES;
				CLANG_WARN_BOOL_CONVERSION = YES;
				CLANG_WARN_CONSTANT_CONVERSION = YES;
				CLANG_WARN_DIRECT_OBJC_ISA_USAGE = YES_ERROR;
				CLANG_WARN_EMPTY_BODY = YES;
				CLANG_WARN_ENUM_CONVERSION = YES;
				CLANG_WARN_INT_CONVERSION = YES;
				CLANG_WARN_OBJC_ROOT_CLASS = YES_ERROR;
				CLANG_WARN__DUPLICATE_METHOD_MATCH = YES;
				"CODE_SIGN_IDENTITY[sdk=iphoneos*]" = "iPhone Developer";
				COPY_PHASE_STRIP = NO;
				GCC_C_LANGUAGE_STANDARD = gnu99;
				GCC_DYNAMIC_NO_PIC = NO;
				GCC_OPTIMIZATION_LEVEL = 0;
				GCC_PREPROCESSOR_DEFINITIONS = (
					"DEBUG=1",
					"$(inherited)",
				);
				GCC_SYMBOLS_PRIVATE_EXTERN = NO;
				GCC_WARN_64_TO_32_BIT_CONVERSION = YES;
				GCC_WARN_ABOUT_RETURN_TYPE = YES_ERROR;
				GCC_WARN_UNDECLARED_SELECTOR = YES;
				GCC_WARN_UNINITIALIZED_AUTOS = YES_AGGRESSIVE;
				GCC_WARN_UNUSED_FUNCTION = YES;
				GCC_WARN_UNUSED_VARIABLE = YES;
				IPHONEOS_DEPLOYMENT_TARGET = 7.1;
				ONLY_ACTIVE_ARCH = YES;
				SDKROOT = iphoneos;
				TARGETED_DEVICE_FAMILY = "1,2";
			};
			name = Debug;
		};
		89F103CC199FFD8F0020BB03 /* Release */ = {
			isa = XCBuildConfiguration;
			buildSettings = {
				ALWAYS_SEARCH_USER_PATHS = NO;
				CLANG_CXX_LANGUAGE_STANDARD = "gnu++0x";
				CLANG_CXX_LIBRARY = "libc++";
				CLANG_ENABLE_MODULES = YES;
				CLANG_ENABLE_OBJC_ARC = YES;
				CLANG_WARN_BOOL_CONVERSION = YES;
				CLANG_WARN_CONSTANT_CONVERSION = YES;
				CLANG_WARN_DIRECT_OBJC_ISA_USAGE = YES_ERROR;
				CLANG_WARN_EMPTY_BODY = YES;
				CLANG_WARN_ENUM_CONVERSION = YES;
				CLANG_WARN_INT_CONVERSION = YES;
				CLANG_WARN_OBJC_ROOT_CLASS = YES_ERROR;
				CLANG_WARN__DUPLICATE_METHOD_MATCH = YES;
				"CODE_SIGN_IDENTITY[sdk=iphoneos*]" = "iPhone Developer";
				COPY_PHASE_STRIP = YES;
				ENABLE_NS_ASSERTIONS = NO;
				GCC_C_LANGUAGE_STANDARD = gnu99;
				GCC_WARN_64_TO_32_BIT_CONVERSION = YES;
				GCC_WARN_ABOUT_RETURN_TYPE = YES_ERROR;
				GCC_WARN_UNDECLARED_SELECTOR = YES;
				GCC_WARN_UNINITIALIZED_AUTOS = YES_AGGRESSIVE;
				GCC_WARN_UNUSED_FUNCTION = YES;
				GCC_WARN_UNUSED_VARIABLE = YES;
				IPHONEOS_DEPLOYMENT_TARGET = 7.1;
				SDKROOT = iphoneos;
				TARGETED_DEVICE_FAMILY = "1,2";
				VALIDATE_PRODUCT = YES;
			};
			name = Release;
		};
		89F103CE199FFD8F0020BB03 /* Debug */ = {
			isa = XCBuildConfiguration;
			buildSettings = {
				ASSETCATALOG_COMPILER_APPICON_NAME = AppIcon;
				ASSETCATALOG_COMPILER_LAUNCHIMAGE_NAME = LaunchImage;
				GCC_PRECOMPILE_PREFIX_HEADER = YES;
				GCC_PREFIX_HEADER = "WebInvoker/WebInvoker-Prefix.pch";
				INFOPLIST_FILE = "WebInvoker/WebInvoker-Info.plist";
				PRODUCT_NAME = "$(TARGET_NAME)";
				WRAPPER_EXTENSION = app;
			};
			name = Debug;
		};
		89F103CF199FFD8F0020BB03 /* Release */ = {
			isa = XCBuildConfiguration;
			buildSettings = {
				ASSETCATALOG_COMPILER_APPICON_NAME = AppIcon;
				ASSETCATALOG_COMPILER_LAUNCHIMAGE_NAME = LaunchImage;
				GCC_PRECOMPILE_PREFIX_HEADER = YES;
				GCC_PREFIX_HEADER = "WebInvoker/WebInvoker-Prefix.pch";
				INFOPLIST_FILE = "WebInvoker/WebInvoker-Info.plist";
				PRODUCT_NAME = "$(TARGET_NAME)";
				WRAPPER_EXTENSION = app;
			};
			name = Release;
		};
		89F103D1199FFD8F0020BB03 /* Debug */ = {
			isa = XCBuildConfiguration;
			buildSettings = {
				BUNDLE_LOADER = "$(BUILT_PRODUCTS_DIR)/WebInvoker.app/WebInvoker";
				FRAMEWORK_SEARCH_PATHS = (
					"$(SDKROOT)/Developer/Library/Frameworks",
					"$(inherited)",
					"$(DEVELOPER_FRAMEWORKS_DIR)",
				);
				GCC_PRECOMPILE_PREFIX_HEADER = YES;
				GCC_PREFIX_HEADER = "WebInvoker/WebInvoker-Prefix.pch";
				GCC_PREPROCESSOR_DEFINITIONS = (
					"DEBUG=1",
					"$(inherited)",
				);
				INFOPLIST_FILE = "WebInvokerTests/WebInvokerTests-Info.plist";
				PRODUCT_NAME = "$(TARGET_NAME)";
				TEST_HOST = "$(BUNDLE_LOADER)";
				WRAPPER_EXTENSION = xctest;
			};
			name = Debug;
		};
		89F103D2199FFD8F0020BB03 /* Release */ = {
			isa = XCBuildConfiguration;
			buildSettings = {
				BUNDLE_LOADER = "$(BUILT_PRODUCTS_DIR)/WebInvoker.app/WebInvoker";
				FRAMEWORK_SEARCH_PATHS = (
					"$(SDKROOT)/Developer/Library/Frameworks",
					"$(inherited)",
					"$(DEVELOPER_FRAMEWORKS_DIR)",
				);
				GCC_PRECOMPILE_PREFIX_HEADER = YES;
				GCC_PREFIX_HEADER = "WebInvoker/WebInvoker-Prefix.pch";
				INFOPLIST_FILE = "WebInvokerTests/WebInvokerTests-Info.plist";
				PRODUCT_NAME = "$(TARGET_NAME)";
				TEST_HOST = "$(BUNDLE_LOADER)";
				WRAPPER_EXTENSION = xctest;
			};
			name = Release;
		};
/* End XCBuildConfiguration section */

/* Begin XCConfigurationList section */
		89F10393199FFD8E0020BB03 /* Build configuration list for PBXProject "WebInvoker" */ = {
			isa = XCConfigurationList;
			buildConfigurations = (
				89F103CB199FFD8F0020BB03 /* Debug */,
				89F103CC199FFD8F0020BB03 /* Release */,
			);
			defaultConfigurationIsVisible = 0;
			defaultConfigurationName = Release;
		};
		89F103CD199FFD8F0020BB03 /* Build configuration list for PBXNativeTarget "WebInvoker" */ = {
			isa = XCConfigurationList;
			buildConfigurations = (
				89F103CE199FFD8F0020BB03 /* Debug */,
				89F103CF199FFD8F0020BB03 /* Release */,
			);
			defaultConfigurationIsVisible = 0;
		};
		89F103D0199FFD8F0020BB03 /* Build configuration list for PBXNativeTarget "WebInvokerTests" */ = {
			isa = XCConfigurationList;
			buildConfigurations = (
				89F103D1199FFD8F0020BB03 /* Debug */,
				89F103D2199FFD8F0020BB03 /* Release */,
			);
			defaultConfigurationIsVisible = 0;
		};
/* End XCConfigurationList section */
	};
	rootObject = 89F10390199FFD8E0020BB03 /* Project object */;
}
